
Microsoft Visual Studio Solution File, Format Version 12.00
# Visual Studio 15
VisualStudioVersion = 15.0.27130.2010
MinimumVisualStudioVersion = 10.0.40219.1
Project("{FAE04EC0-301F-11D3-BF4B-00C04F79EFBC}") = "Newsi", "Newsi\Newsi.csproj", "{70098716-4971-4CA3-AAAD-F6F9E2020E96}"
EndProject
Global
	GlobalSection(SolutionConfigurationPlatforms) = preSolution
		Debug|Any CPU = Debug|Any CPU
		Release|Any CPU = Release|Any CPU
	EndGlobalSection
	GlobalSection(ProjectConfigurationPlatforms) = postSolution
		{70098716-4971-4CA3-AAAD-F6F9E2020E96}.Debug|Any CPU.ActiveCfg = Debug|Any CPU
		{70098716-4971-4CA3-AAAD-F6F9E2020E96}.Debug|Any CPU.Build.0 = Debug|Any CPU
		{70098716-4971-4CA3-AAAD-F6F9E2020E96}.Debug|Any CPU.Deploy.0 = Debug|Any CPU
		{70098716-4971-4CA3-AAAD-F6F9E2020E96}.Release|Any CPU.ActiveCfg = Release|Any CPU
		{70098716-4971-4CA3-AAAD-F6F9E2020E96}.Release|Any CPU.Build.0 = Release|Any CPU
		{70098716-4971-4CA3-AAAD-F6F9E2020E96}.Release|Any CPU.Deploy.0 = Release|Any CPU
	EndGlobalSection
	GlobalSection(SolutionProperties) = preSolution
		HideSolutionNode = FALSE
	EndGlobalSection
	GlobalSection(ExtensibilityGlobals) = postSolution
		SolutionGuid = {857D95A7-F7D7-4D3D-9339-933C70A4DBE2}
	EndGlobalSection
EndGlobal
